{
  "object": {
    "pins": [
      {
        "package": "wl_ui",
        "repositoryURL": "https://github.com/xuyazhong/wl_ui.git",
        "state": {
          "branch": "master",
          "revision": "25bc53a2dc5909e7968df59e6c1249a05507bd40",
          "version": null
        }
      }
    ]
  },
  "version": 1
}
