{
  "object": {
    "pins": [
      {
        "package": "wl_ui",
        "repositoryURL": "https://github.com/xuyazhong/wl_ui.git",
        "state": {
          "branch": "master",
          "revision": "462ebdfd6c77b2a3a2165f39ad5706a8d8ff0906",
          "version": null
        }
      }
    ]
  },
  "version": 1
}
